
Microsoft Visual Studio Solution File, Format Version 12.00
# Visual Studio Version 17
VisualStudioVersion = 17.11.35125.118
MinimumVisualStudioVersion = 10.0.40219.1
Project("{FAE04EC0-301F-11D3-BF4B-00C04F79EFBC}") = "ComboBox", "ComboBox\ComboBox.csproj", "{55183667-0827-4816-8A77-778E775E7572}"
EndProject
Global
	GlobalSection(SolutionConfigurationPlatforms) = preSolution
		Debug|Any CPU = Debug|Any CPU
		Release|Any CPU = Release|Any CPU
	EndGlobalSection
	GlobalSection(ProjectConfigurationPlatforms) = postSolution
		{55183667-0827-4816-8A77-778E775E7572}.Debug|Any CPU.ActiveCfg = Debug|Any CPU
		{55183667-0827-4816-8A77-778E775E7572}.Debug|Any CPU.Build.0 = Debug|Any CPU
		{55183667-0827-4816-8A77-778E775E7572}.Release|Any CPU.ActiveCfg = Release|Any CPU
		{55183667-0827-4816-8A77-778E775E7572}.Release|Any CPU.Build.0 = Release|Any CPU
	EndGlobalSection
	GlobalSection(SolutionProperties) = preSolution
		HideSolutionNode = FALSE
	EndGlobalSection
	GlobalSection(ExtensibilityGlobals) = postSolution
		SolutionGuid = {E0A05AE5-BCD1-4663-893F-A5B5018F7691}
	EndGlobalSection
EndGlobal
