
Microsoft Visual Studio Solution File, Format Version 12.00
# Visual Studio Version 17
VisualStudioVersion = 17.11.35201.85
MinimumVisualStudioVersion = 10.0.40219.1
Project("{FAE04EC0-301F-11D3-BF4B-00C04F79EFBC}") = "Times", "Times\Times.csproj", "{678150A8-DA73-4DAC-880F-961E0D02E474}"
EndProject
Global
	GlobalSection(SolutionConfigurationPlatforms) = preSolution
		Debug|Any CPU = Debug|Any CPU
		Release|Any CPU = Release|Any CPU
	EndGlobalSection
	GlobalSection(ProjectConfigurationPlatforms) = postSolution
		{678150A8-DA73-4DAC-880F-961E0D02E474}.Debug|Any CPU.ActiveCfg = Debug|Any CPU
		{678150A8-DA73-4DAC-880F-961E0D02E474}.Debug|Any CPU.Build.0 = Debug|Any CPU
		{678150A8-DA73-4DAC-880F-961E0D02E474}.Release|Any CPU.ActiveCfg = Release|Any CPU
		{678150A8-DA73-4DAC-880F-961E0D02E474}.Release|Any CPU.Build.0 = Release|Any CPU
	EndGlobalSection
	GlobalSection(SolutionProperties) = preSolution
		HideSolutionNode = FALSE
	EndGlobalSection
	GlobalSection(ExtensibilityGlobals) = postSolution
		SolutionGuid = {1C6A22D7-162B-4118-A20C-CC1CEE4E653E}
	EndGlobalSection
EndGlobal
