
Microsoft Visual Studio Solution File, Format Version 12.00
# Visual Studio Version 17
VisualStudioVersion = 17.11.35201.85
MinimumVisualStudioVersion = 10.0.40219.1
Project("{FAE04EC0-301F-11D3-BF4B-00C04F79EFBC}") = "saveFileDialog", "saveFileDialog\saveFileDialog.csproj", "{ECD38394-B52D-44B0-86B6-1A5E083AA528}"
EndProject
Global
	GlobalSection(SolutionConfigurationPlatforms) = preSolution
		Debug|Any CPU = Debug|Any CPU
		Release|Any CPU = Release|Any CPU
	EndGlobalSection
	GlobalSection(ProjectConfigurationPlatforms) = postSolution
		{ECD38394-B52D-44B0-86B6-1A5E083AA528}.Debug|Any CPU.ActiveCfg = Debug|Any CPU
		{ECD38394-B52D-44B0-86B6-1A5E083AA528}.Debug|Any CPU.Build.0 = Debug|Any CPU
		{ECD38394-B52D-44B0-86B6-1A5E083AA528}.Release|Any CPU.ActiveCfg = Release|Any CPU
		{ECD38394-B52D-44B0-86B6-1A5E083AA528}.Release|Any CPU.Build.0 = Release|Any CPU
	EndGlobalSection
	GlobalSection(SolutionProperties) = preSolution
		HideSolutionNode = FALSE
	EndGlobalSection
	GlobalSection(ExtensibilityGlobals) = postSolution
		SolutionGuid = {EA429C3E-4613-4401-B892-6E2399E3412F}
	EndGlobalSection
EndGlobal
