
Microsoft Visual Studio Solution File, Format Version 12.00
# Visual Studio Version 17
VisualStudioVersion = 17.12.35209.166
MinimumVisualStudioVersion = 10.0.40219.1
Project("{FAE04EC0-301F-11D3-BF4B-00C04F79EFBC}") = "ControlsArray", "ControlsArray\ControlsArray.csproj", "{6EA8351E-2A90-4895-9A27-390B37384F1D}"
EndProject
Global
	GlobalSection(SolutionConfigurationPlatforms) = preSolution
		Debug|Any CPU = Debug|Any CPU
		Release|Any CPU = Release|Any CPU
	EndGlobalSection
	GlobalSection(ProjectConfigurationPlatforms) = postSolution
		{6EA8351E-2A90-4895-9A27-390B37384F1D}.Debug|Any CPU.ActiveCfg = Debug|Any CPU
		{6EA8351E-2A90-4895-9A27-390B37384F1D}.Debug|Any CPU.Build.0 = Debug|Any CPU
		{6EA8351E-2A90-4895-9A27-390B37384F1D}.Release|Any CPU.ActiveCfg = Release|Any CPU
		{6EA8351E-2A90-4895-9A27-390B37384F1D}.Release|Any CPU.Build.0 = Release|Any CPU
	EndGlobalSection
	GlobalSection(SolutionProperties) = preSolution
		HideSolutionNode = FALSE
	EndGlobalSection
	GlobalSection(ExtensibilityGlobals) = postSolution
		SolutionGuid = {6F8E2702-1671-46AA-871D-9E98F6E5B86C}
	EndGlobalSection
EndGlobal
