
Microsoft Visual Studio Solution File, Format Version 12.00
# Visual Studio Version 17
VisualStudioVersion = 17.11.35201.85
MinimumVisualStudioVersion = 10.0.40219.1
Project("{FAE04EC0-301F-11D3-BF4B-00C04F79EFBC}") = "TrackerBar", "TrackerBar\TrackerBar.csproj", "{CDC15D16-95AD-4C05-891E-6547EC2AC507}"
EndProject
Global
	GlobalSection(SolutionConfigurationPlatforms) = preSolution
		Debug|Any CPU = Debug|Any CPU
		Release|Any CPU = Release|Any CPU
	EndGlobalSection
	GlobalSection(ProjectConfigurationPlatforms) = postSolution
		{CDC15D16-95AD-4C05-891E-6547EC2AC507}.Debug|Any CPU.ActiveCfg = Debug|Any CPU
		{CDC15D16-95AD-4C05-891E-6547EC2AC507}.Debug|Any CPU.Build.0 = Debug|Any CPU
		{CDC15D16-95AD-4C05-891E-6547EC2AC507}.Release|Any CPU.ActiveCfg = Release|Any CPU
		{CDC15D16-95AD-4C05-891E-6547EC2AC507}.Release|Any CPU.Build.0 = Release|Any CPU
	EndGlobalSection
	GlobalSection(SolutionProperties) = preSolution
		HideSolutionNode = FALSE
	EndGlobalSection
	GlobalSection(ExtensibilityGlobals) = postSolution
		SolutionGuid = {2FB4E433-D119-4605-B421-D3006A8F658F}
	EndGlobalSection
EndGlobal
