
Microsoft Visual Studio Solution File, Format Version 12.00
# Visual Studio Version 17
VisualStudioVersion = 17.12.35209.166
MinimumVisualStudioVersion = 10.0.40219.1
Project("{FAE04EC0-301F-11D3-BF4B-00C04F79EFBC}") = "ListBoxes", "ListBoxes\ListBoxes.csproj", "{C926578F-6319-46F7-BE26-C3467509CAA9}"
EndProject
Global
	GlobalSection(SolutionConfigurationPlatforms) = preSolution
		Debug|Any CPU = Debug|Any CPU
		Release|Any CPU = Release|Any CPU
	EndGlobalSection
	GlobalSection(ProjectConfigurationPlatforms) = postSolution
		{C926578F-6319-46F7-BE26-C3467509CAA9}.Debug|Any CPU.ActiveCfg = Debug|Any CPU
		{C926578F-6319-46F7-BE26-C3467509CAA9}.Debug|Any CPU.Build.0 = Debug|Any CPU
		{C926578F-6319-46F7-BE26-C3467509CAA9}.Release|Any CPU.ActiveCfg = Release|Any CPU
		{C926578F-6319-46F7-BE26-C3467509CAA9}.Release|Any CPU.Build.0 = Release|Any CPU
	EndGlobalSection
	GlobalSection(SolutionProperties) = preSolution
		HideSolutionNode = FALSE
	EndGlobalSection
	GlobalSection(ExtensibilityGlobals) = postSolution
		SolutionGuid = {3B46B3A8-7396-4915-929D-2F91B9F76FA1}
	EndGlobalSection
EndGlobal
