
Microsoft Visual Studio Solution File, Format Version 12.00
# Visual Studio Version 17
VisualStudioVersion = 17.12.35209.166
MinimumVisualStudioVersion = 10.0.40219.1
Project("{FAE04EC0-301F-11D3-BF4B-00C04F79EFBC}") = "PanelAndGroupBox", "PanelAndGroupBox\PanelAndGroupBox.csproj", "{4AF77AED-A27C-44EC-B731-7B7F845BF292}"
EndProject
Global
	GlobalSection(SolutionConfigurationPlatforms) = preSolution
		Debug|Any CPU = Debug|Any CPU
		Release|Any CPU = Release|Any CPU
	EndGlobalSection
	GlobalSection(ProjectConfigurationPlatforms) = postSolution
		{4AF77AED-A27C-44EC-B731-7B7F845BF292}.Debug|Any CPU.ActiveCfg = Debug|Any CPU
		{4AF77AED-A27C-44EC-B731-7B7F845BF292}.Debug|Any CPU.Build.0 = Debug|Any CPU
		{4AF77AED-A27C-44EC-B731-7B7F845BF292}.Release|Any CPU.ActiveCfg = Release|Any CPU
		{4AF77AED-A27C-44EC-B731-7B7F845BF292}.Release|Any CPU.Build.0 = Release|Any CPU
	EndGlobalSection
	GlobalSection(SolutionProperties) = preSolution
		HideSolutionNode = FALSE
	EndGlobalSection
	GlobalSection(ExtensibilityGlobals) = postSolution
		SolutionGuid = {6CB62543-8AD7-4F78-98B5-A3DD78A4D48B}
	EndGlobalSection
EndGlobal
