
Microsoft Visual Studio Solution File, Format Version 12.00
# Visual Studio Version 17
VisualStudioVersion = 17.12.35209.166
MinimumVisualStudioVersion = 10.0.40219.1
Project("{FAE04EC0-301F-11D3-BF4B-00C04F79EFBC}") = "ForEeachAllControls", "ForEeachAllControls\ForEeachAllControls.csproj", "{82893E56-E0DF-41F7-83C0-79ACBE0B6C08}"
EndProject
Global
	GlobalSection(SolutionConfigurationPlatforms) = preSolution
		Debug|Any CPU = Debug|Any CPU
		Release|Any CPU = Release|Any CPU
	EndGlobalSection
	GlobalSection(ProjectConfigurationPlatforms) = postSolution
		{82893E56-E0DF-41F7-83C0-79ACBE0B6C08}.Debug|Any CPU.ActiveCfg = Debug|Any CPU
		{82893E56-E0DF-41F7-83C0-79ACBE0B6C08}.Debug|Any CPU.Build.0 = Debug|Any CPU
		{82893E56-E0DF-41F7-83C0-79ACBE0B6C08}.Release|Any CPU.ActiveCfg = Release|Any CPU
		{82893E56-E0DF-41F7-83C0-79ACBE0B6C08}.Release|Any CPU.Build.0 = Release|Any CPU
	EndGlobalSection
	GlobalSection(SolutionProperties) = preSolution
		HideSolutionNode = FALSE
	EndGlobalSection
	GlobalSection(ExtensibilityGlobals) = postSolution
		SolutionGuid = {07C05086-2847-4A59-B291-E9C20BDB1751}
	EndGlobalSection
EndGlobal
