
Microsoft Visual Studio Solution File, Format Version 12.00
# Visual Studio Version 17
VisualStudioVersion = 17.12.35209.166
MinimumVisualStudioVersion = 10.0.40219.1
Project("{FAE04EC0-301F-11D3-BF4B-00C04F79EFBC}") = "RaidoBoxOnPanel", "RaidoBoxOnPanel\RaidoBoxOnPanel.csproj", "{2BD45616-D673-478C-84D9-F3F55B789161}"
EndProject
Global
	GlobalSection(SolutionConfigurationPlatforms) = preSolution
		Debug|Any CPU = Debug|Any CPU
		Release|Any CPU = Release|Any CPU
	EndGlobalSection
	GlobalSection(ProjectConfigurationPlatforms) = postSolution
		{2BD45616-D673-478C-84D9-F3F55B789161}.Debug|Any CPU.ActiveCfg = Debug|Any CPU
		{2BD45616-D673-478C-84D9-F3F55B789161}.Debug|Any CPU.Build.0 = Debug|Any CPU
		{2BD45616-D673-478C-84D9-F3F55B789161}.Release|Any CPU.ActiveCfg = Release|Any CPU
		{2BD45616-D673-478C-84D9-F3F55B789161}.Release|Any CPU.Build.0 = Release|Any CPU
	EndGlobalSection
	GlobalSection(SolutionProperties) = preSolution
		HideSolutionNode = FALSE
	EndGlobalSection
	GlobalSection(ExtensibilityGlobals) = postSolution
		SolutionGuid = {74185EDC-D36D-4655-8F4C-D0D9AAA3B934}
	EndGlobalSection
EndGlobal
