
Microsoft Visual Studio Solution File, Format Version 12.00
# Visual Studio Version 17
VisualStudioVersion = 17.11.35125.118
MinimumVisualStudioVersion = 10.0.40219.1
Project("{FAE04EC0-301F-11D3-BF4B-00C04F79EFBC}") = "BtnWithTextBox", "BtnWithTextBox\BtnWithTextBox.csproj", "{86CE8041-68DD-44B8-AA12-1035F944ED52}"
EndProject
Global
	GlobalSection(SolutionConfigurationPlatforms) = preSolution
		Debug|Any CPU = Debug|Any CPU
		Release|Any CPU = Release|Any CPU
	EndGlobalSection
	GlobalSection(ProjectConfigurationPlatforms) = postSolution
		{86CE8041-68DD-44B8-AA12-1035F944ED52}.Debug|Any CPU.ActiveCfg = Debug|Any CPU
		{86CE8041-68DD-44B8-AA12-1035F944ED52}.Debug|Any CPU.Build.0 = Debug|Any CPU
		{86CE8041-68DD-44B8-AA12-1035F944ED52}.Release|Any CPU.ActiveCfg = Release|Any CPU
		{86CE8041-68DD-44B8-AA12-1035F944ED52}.Release|Any CPU.Build.0 = Release|Any CPU
	EndGlobalSection
	GlobalSection(SolutionProperties) = preSolution
		HideSolutionNode = FALSE
	EndGlobalSection
	GlobalSection(ExtensibilityGlobals) = postSolution
		SolutionGuid = {DFC36414-E845-4AD1-BB89-61F756C05DFE}
	EndGlobalSection
EndGlobal
