
Microsoft Visual Studio Solution File, Format Version 12.00
# Visual Studio Version 17
VisualStudioVersion = 17.11.35201.85
MinimumVisualStudioVersion = 10.0.40219.1
Project("{FAE04EC0-301F-11D3-BF4B-00C04F79EFBC}") = "OpenFileDialog", "OpenFileDialog\OpenFileDialog.csproj", "{D64102FA-238E-45D4-BAF3-5853E3EADB0E}"
EndProject
Global
	GlobalSection(SolutionConfigurationPlatforms) = preSolution
		Debug|Any CPU = Debug|Any CPU
		Release|Any CPU = Release|Any CPU
	EndGlobalSection
	GlobalSection(ProjectConfigurationPlatforms) = postSolution
		{D64102FA-238E-45D4-BAF3-5853E3EADB0E}.Debug|Any CPU.ActiveCfg = Debug|Any CPU
		{D64102FA-238E-45D4-BAF3-5853E3EADB0E}.Debug|Any CPU.Build.0 = Debug|Any CPU
		{D64102FA-238E-45D4-BAF3-5853E3EADB0E}.Release|Any CPU.ActiveCfg = Release|Any CPU
		{D64102FA-238E-45D4-BAF3-5853E3EADB0E}.Release|Any CPU.Build.0 = Release|Any CPU
	EndGlobalSection
	GlobalSection(SolutionProperties) = preSolution
		HideSolutionNode = FALSE
	EndGlobalSection
	GlobalSection(ExtensibilityGlobals) = postSolution
		SolutionGuid = {5FA61ED5-9FD3-4DB5-AFB3-224372F2467F}
	EndGlobalSection
EndGlobal
