
Microsoft Visual Studio Solution File, Format Version 12.00
# Visual Studio Version 17
VisualStudioVersion = 17.11.35201.85
MinimumVisualStudioVersion = 10.0.40219.1
Project("{FAE04EC0-301F-11D3-BF4B-00C04F79EFBC}") = "FileCopier", "FileCopier\FileCopier.csproj", "{0AA4750E-1638-43F1-ADEC-3F367F4D8440}"
EndProject
Global
	GlobalSection(SolutionConfigurationPlatforms) = preSolution
		Debug|Any CPU = Debug|Any CPU
		Release|Any CPU = Release|Any CPU
	EndGlobalSection
	GlobalSection(ProjectConfigurationPlatforms) = postSolution
		{0AA4750E-1638-43F1-ADEC-3F367F4D8440}.Debug|Any CPU.ActiveCfg = Debug|Any CPU
		{0AA4750E-1638-43F1-ADEC-3F367F4D8440}.Debug|Any CPU.Build.0 = Debug|Any CPU
		{0AA4750E-1638-43F1-ADEC-3F367F4D8440}.Release|Any CPU.ActiveCfg = Release|Any CPU
		{0AA4750E-1638-43F1-ADEC-3F367F4D8440}.Release|Any CPU.Build.0 = Release|Any CPU
	EndGlobalSection
	GlobalSection(SolutionProperties) = preSolution
		HideSolutionNode = FALSE
	EndGlobalSection
	GlobalSection(ExtensibilityGlobals) = postSolution
		SolutionGuid = {B2FCE1B2-1CCC-498C-82FC-0EDC65208C95}
	EndGlobalSection
EndGlobal
